
Microsoft Visual Studio Solution File, Format Version 12.00
# Visual Studio 14
VisualStudioVersion = 14.0.25123.0
MinimumVisualStudioVersion = 10.0.40219.1
Project("{FAE04EC0-301F-11D3-BF4B-00C04F79EFBC}") = "Rubix Cube", "Rubix Cube\Rubix Cube.csproj", "{6CA4CE70-C0AD-4827-8C76-5ED84EEABF76}"
EndProject
Project("{FAE04EC0-301F-11D3-BF4B-00C04F79EFBC}") = "Rubix Cube Test", "Rubix Cube Test\Rubix Cube Test.csproj", "{F2121FDB-5452-442C-8F17-7A0C64D9D0EA}"
EndProject
Global
	GlobalSection(SolutionConfigurationPlatforms) = preSolution
		Debug|Any CPU = Debug|Any CPU
		Release|Any CPU = Release|Any CPU
	EndGlobalSection
	GlobalSection(ProjectConfigurationPlatforms) = postSolution
		{6CA4CE70-C0AD-4827-8C76-5ED84EEABF76}.Debug|Any CPU.ActiveCfg = Debug|Any CPU
		{6CA4CE70-C0AD-4827-8C76-5ED84EEABF76}.Debug|Any CPU.Build.0 = Debug|Any CPU
		{6CA4CE70-C0AD-4827-8C76-5ED84EEABF76}.Release|Any CPU.ActiveCfg = Release|Any CPU
		{6CA4CE70-C0AD-4827-8C76-5ED84EEABF76}.Release|Any CPU.Build.0 = Release|Any CPU
		{F2121FDB-5452-442C-8F17-7A0C64D9D0EA}.Debug|Any CPU.ActiveCfg = Debug|Any CPU
		{F2121FDB-5452-442C-8F17-7A0C64D9D0EA}.Debug|Any CPU.Build.0 = Debug|Any CPU
		{F2121FDB-5452-442C-8F17-7A0C64D9D0EA}.Release|Any CPU.ActiveCfg = Release|Any CPU
		{F2121FDB-5452-442C-8F17-7A0C64D9D0EA}.Release|Any CPU.Build.0 = Release|Any CPU
	EndGlobalSection
	GlobalSection(SolutionProperties) = preSolution
		HideSolutionNode = FALSE
	EndGlobalSection
EndGlobal
